{
  "version": 4,
  "terraform_version": "0.13.1",
  "serial": 11,
  "lineage": "6ddddd18-4a75-af43-fb14-6c2045a30a36",
  "outputs": {},
  "resources": [
    {
      "mode": "data",
      "type": "digitalocean_ssh_key",
      "name": "twitter_key",
      "provider": "provider[\"registry.terraform.io/digitalocean/digitalocean\"]",
      "instances": [
        {
          "schema_version": 0,
          "attributes": {
            "fingerprint": "78:b0:04:ec:e2:2b:98:a9:52:04:8b:f6:b4:2d:11:ba",
            "id": "28642332",
            "name": "Twitter_Key",
            "public_key": "ssh-rsa AAAAB3NzaC1yc2EAAAADAQABAAABAQC6CX8uHtd3u50PUyfKzfGqs3tFc+crGfMiGMK6mKvQWpmple2irNAv5GZsTWUYc9yZJvO0yXppSFGzcvjK9lhnmg+jdl1yFf3cd/2VDvm3hH71El2zRT4vjBrbSyKXsMJ+Azkk/2OctoaHEiiFRVhh47cF1Z2KljduGaDNKY0Vv/NJnM5trEJF2HUeTQVeogBpMG/mQdyH6oLnCDhRprbZwRspKILRHPuk5b2OkhZUCbULSNdxf+sdsQsQOsdgxYYys4Y6RW3Hz4F+y+5PREoyHRmuAgVrgKzibjsAd/rhKbMyu2V8nM57FmCIaVpxEUKcqI+b1fMJwrG3Z/rFT+uz vagrant@vagrant"
          }
        }
      ]
    },
    {
      "mode": "managed",
      "type": "digitalocean_domain",
      "name": "default",
      "provider": "provider[\"registry.terraform.io/digitalocean/digitalocean\"]",
      "instances": [
        {
          "schema_version": 0,
          "attributes": {
            "id": "susanenneking.dev",
            "ip_address": "157.230.201.155",
            "name": "susanenneking.dev",
            "urn": "do:domain:susanenneking.dev"
          },
          "private": "bnVsbA==",
          "dependencies": [
            "digitalocean_loadbalancer.www-lb"
          ]
        }
      ]
    },
    {
      "mode": "managed",
      "type": "digitalocean_droplet",
      "name": "www-1",
      "provider": "provider[\"registry.terraform.io/digitalocean/digitalocean\"]",
      "instances": [
        {
          "schema_version": 1,
          "attributes": {
            "backups": false,
            "created_at": "2020-10-03T20:36:10Z",
            "disk": 25,
            "id": "210519160",
            "image": "ubuntu-18-04-x64",
            "ipv4_address": "104.248.49.137",
            "ipv4_address_private": "10.116.0.2",
            "ipv6": false,
            "ipv6_address": "",
            "ipv6_address_private": null,
            "locked": false,
            "memory": 1024,
            "monitoring": false,
            "name": "www-1",
            "price_hourly": 0.00744,
            "price_monthly": 5,
            "private_networking": true,
            "region": "nyc1",
            "resize_disk": true,
            "size": "s-1vcpu-1gb",
            "ssh_keys": [
              "28642332"
            ],
            "status": "active",
            "tags": [],
            "urn": "do:droplet:210519160",
            "user_data": null,
            "vcpus": 1,
            "volume_ids": [],
            "vpc_uuid": "fa969966-fb74-4a3f-b9b5-859cb82a58ae"
          },
          "private": "eyJzY2hlbWFfdmVyc2lvbiI6IjEifQ==",
          "dependencies": [
            "data.digitalocean_ssh_key.twitter_key"
          ]
        }
      ]
    },
    {
      "mode": "managed",
      "type": "digitalocean_droplet",
      "name": "www-2",
      "provider": "provider[\"registry.terraform.io/digitalocean/digitalocean\"]",
      "instances": [
        {
          "schema_version": 1,
          "attributes": {
            "backups": false,
            "created_at": "2020-10-03T20:47:32Z",
            "disk": 25,
            "id": "210520232",
            "image": "ubuntu-18-04-x64",
            "ipv4_address": "206.189.235.166",
            "ipv4_address_private": "10.116.0.3",
            "ipv6": false,
            "ipv6_address": "",
            "ipv6_address_private": null,
            "locked": false,
            "memory": 1024,
            "monitoring": false,
            "name": "www-2",
            "price_hourly": 0.00744,
            "price_monthly": 5,
            "private_networking": true,
            "region": "nyc1",
            "resize_disk": true,
            "size": "s-1vcpu-1gb",
            "ssh_keys": [
              "28642332"
            ],
            "status": "active",
            "tags": [],
            "urn": "do:droplet:210520232",
            "user_data": null,
            "vcpus": 1,
            "volume_ids": [],
            "vpc_uuid": "fa969966-fb74-4a3f-b9b5-859cb82a58ae"
          },
          "private": "eyJzY2hlbWFfdmVyc2lvbiI6IjEifQ==",
          "dependencies": [
            "data.digitalocean_ssh_key.twitter_key"
          ]
        }
      ]
    },
    {
      "mode": "managed",
      "type": "digitalocean_loadbalancer",
      "name": "www-lb",
      "provider": "provider[\"registry.terraform.io/digitalocean/digitalocean\"]",
      "instances": [
        {
          "schema_version": 0,
          "attributes": {
            "algorithm": "round_robin",
            "droplet_ids": [
              210519160,
              210520232
            ],
            "droplet_tag": "",
            "enable_backend_keepalive": false,
            "enable_proxy_protocol": false,
            "forwarding_rule": [
              {
                "certificate_id": "",
                "entry_port": 80,
                "entry_protocol": "http",
                "target_port": 80,
                "target_protocol": "http",
                "tls_passthrough": false
              }
            ],
            "healthcheck": [
              {
                "check_interval_seconds": 10,
                "healthy_threshold": 5,
                "path": "",
                "port": 22,
                "protocol": "tcp",
                "response_timeout_seconds": 5,
                "unhealthy_threshold": 3
              }
            ],
            "id": "0a3fcb20-a183-4638-b4ad-8b678104a2f2",
            "ip": "157.230.201.155",
            "name": "www-lb",
            "redirect_http_to_https": false,
            "region": "nyc1",
            "status": "active",
            "sticky_sessions": [
              {
                "cookie_name": "",
                "cookie_ttl_seconds": 0,
                "type": "none"
              }
            ],
            "urn": "do:loadbalancer:0a3fcb20-a183-4638-b4ad-8b678104a2f2",
            "vpc_uuid": "fa969966-fb74-4a3f-b9b5-859cb82a58ae"
          },
          "private": "bnVsbA==",
          "dependencies": [
            "digitalocean_droplet.www-1",
            "digitalocean_droplet.www-2"
          ]
        }
      ]
    },
    {
      "mode": "managed",
      "type": "digitalocean_record",
      "name": "CNAME-www",
      "provider": "provider[\"registry.terraform.io/digitalocean/digitalocean\"]",
      "instances": [
        {
          "schema_version": 0,
          "attributes": {
            "domain": "susanenneking.dev",
            "flags": 0,
            "fqdn": "www.susanenneking.dev",
            "id": "115439467",
            "name": "www",
            "port": 0,
            "priority": 0,
            "tag": "",
            "ttl": 1800,
            "type": "CNAME",
            "value": "@",
            "weight": 0
          },
          "private": "bnVsbA==",
          "dependencies": [
            "digitalocean_domain.default",
            "digitalocean_loadbalancer.www-lb"
          ]
        }
      ]
    }
  ]
}
